
Microsoft Visual Studio Solution File, Format Version 12.00
# Visual Studio Version 17
VisualStudioVersion = 17.0.31903.59
MinimumVisualStudioVersion = 10.0.40219.1
Project("{2150E333-8FDC-42A3-9474-1A3956D46DE8}") = "src", "src", "{827E0CD3-B72D-47B6-A68D-7590B98EB39B}"
EndProject
Project("{FAE04EC0-301F-11D3-BF4B-00C04F79EFBC}") = "MoodTunes.Api", "src\MoodTunes.Api\MoodTunes.Api.csproj", "{70F78509-1D5E-482D-BB03-975ABDB98302}"
EndProject
Project("{FAE04EC0-301F-11D3-BF4B-00C04F79EFBC}") = "MoodTunes.Application", "src\MoodTunes.Application\MoodTunes.Application.csproj", "{03D3D802-B660-42E8-A07B-45FE13B445F6}"
EndProject
Project("{FAE04EC0-301F-11D3-BF4B-00C04F79EFBC}") = "MoodTunes.Domain", "src\MoodTunes.Domain\MoodTunes.Domain.csproj", "{1E9C3B78-8F9D-471E-9F68-B24F10A41E25}"
EndProject
Project("{FAE04EC0-301F-11D3-BF4B-00C04F79EFBC}") = "MoodTunes.Infrastructure", "src\MoodTunes.Infrastructure\MoodTunes.Infrastructure.csproj", "{2AC09DE0-4468-4E95-BCD2-6567F21B57F7}"
EndProject
Project("{FAE04EC0-301F-11D3-BF4B-00C04F79EFBC}") = "MoodTunes.Realtime", "src\MoodTunes.Realtime\MoodTunes.Realtime.csproj", "{B82C6BDC-7868-4485-B866-7A5F6BEE3933}"
EndProject
Project("{2150E333-8FDC-42A3-9474-1A3956D46DE8}") = "tests", "tests", "{0AB3BF05-4346-4AA6-1389-037BE0695223}"
EndProject
Project("{FAE04EC0-301F-11D3-BF4B-00C04F79EFBC}") = "MoodTunes.IntegrationTests", "tests\MoodTunes.IntegrationTests\MoodTunes.IntegrationTests.csproj", "{61C87492-6FAC-417F-86BB-6BA85D40A8A1}"
EndProject
Project("{FAE04EC0-301F-11D3-BF4B-00C04F79EFBC}") = "MoodTunes.UnitTests", "tests\MoodTunes.UnitTests\MoodTunes.UnitTests.csproj", "{978474FA-40E4-4FD5-96B5-AF009CEEE2A2}"
EndProject
Global
	GlobalSection(SolutionConfigurationPlatforms) = preSolution
		Debug|Any CPU = Debug|Any CPU
		Debug|x64 = Debug|x64
		Debug|x86 = Debug|x86
		Release|Any CPU = Release|Any CPU
		Release|x64 = Release|x64
		Release|x86 = Release|x86
	EndGlobalSection
	GlobalSection(ProjectConfigurationPlatforms) = postSolution
		{70F78509-1D5E-482D-BB03-975ABDB98302}.Debug|Any CPU.ActiveCfg = Debug|Any CPU
		{70F78509-1D5E-482D-BB03-975ABDB98302}.Debug|Any CPU.Build.0 = Debug|Any CPU
		{70F78509-1D5E-482D-BB03-975ABDB98302}.Debug|x64.ActiveCfg = Debug|Any CPU
		{70F78509-1D5E-482D-BB03-975ABDB98302}.Debug|x64.Build.0 = Debug|Any CPU
		{70F78509-1D5E-482D-BB03-975ABDB98302}.Debug|x86.ActiveCfg = Debug|Any CPU
		{70F78509-1D5E-482D-BB03-975ABDB98302}.Debug|x86.Build.0 = Debug|Any CPU
		{70F78509-1D5E-482D-BB03-975ABDB98302}.Release|Any CPU.ActiveCfg = Release|Any CPU
		{70F78509-1D5E-482D-BB03-975ABDB98302}.Release|Any CPU.Build.0 = Release|Any CPU
		{70F78509-1D5E-482D-BB03-975ABDB98302}.Release|x64.ActiveCfg = Release|Any CPU
		{70F78509-1D5E-482D-BB03-975ABDB98302}.Release|x64.Build.0 = Release|Any CPU
		{70F78509-1D5E-482D-BB03-975ABDB98302}.Release|x86.ActiveCfg = Release|Any CPU
		{70F78509-1D5E-482D-BB03-975ABDB98302}.Release|x86.Build.0 = Release|Any CPU
		{03D3D802-B660-42E8-A07B-45FE13B445F6}.Debug|Any CPU.ActiveCfg = Debug|Any CPU
		{03D3D802-B660-42E8-A07B-45FE13B445F6}.Debug|Any CPU.Build.0 = Debug|Any CPU
		{03D3D802-B660-42E8-A07B-45FE13B445F6}.Debug|x64.ActiveCfg = Debug|Any CPU
		{03D3D802-B660-42E8-A07B-45FE13B445F6}.Debug|x64.Build.0 = Debug|Any CPU
		{03D3D802-B660-42E8-A07B-45FE13B445F6}.Debug|x86.ActiveCfg = Debug|Any CPU
		{03D3D802-B660-42E8-A07B-45FE13B445F6}.Debug|x86.Build.0 = Debug|Any CPU
		{03D3D802-B660-42E8-A07B-45FE13B445F6}.Release|Any CPU.ActiveCfg = Release|Any CPU
		{03D3D802-B660-42E8-A07B-45FE13B445F6}.Release|Any CPU.Build.0 = Release|Any CPU
		{03D3D802-B660-42E8-A07B-45FE13B445F6}.Release|x64.ActiveCfg = Release|Any CPU
		{03D3D802-B660-42E8-A07B-45FE13B445F6}.Release|x64.Build.0 = Release|Any CPU
		{03D3D802-B660-42E8-A07B-45FE13B445F6}.Release|x86.ActiveCfg = Release|Any CPU
		{03D3D802-B660-42E8-A07B-45FE13B445F6}.Release|x86.Build.0 = Release|Any CPU
		{1E9C3B78-8F9D-471E-9F68-B24F10A41E25}.Debug|Any CPU.ActiveCfg = Debug|Any CPU
		{1E9C3B78-8F9D-471E-9F68-B24F10A41E25}.Debug|Any CPU.Build.0 = Debug|Any CPU
		{1E9C3B78-8F9D-471E-9F68-B24F10A41E25}.Debug|x64.ActiveCfg = Debug|Any CPU
		{1E9C3B78-8F9D-471E-9F68-B24F10A41E25}.Debug|x64.Build.0 = Debug|Any CPU
		{1E9C3B78-8F9D-471E-9F68-B24F10A41E25}.Debug|x86.ActiveCfg = Debug|Any CPU
		{1E9C3B78-8F9D-471E-9F68-B24F10A41E25}.Debug|x86.Build.0 = Debug|Any CPU
		{1E9C3B78-8F9D-471E-9F68-B24F10A41E25}.Release|Any CPU.ActiveCfg = Release|Any CPU
		{1E9C3B78-8F9D-471E-9F68-B24F10A41E25}.Release|Any CPU.Build.0 = Release|Any CPU
		{1E9C3B78-8F9D-471E-9F68-B24F10A41E25}.Release|x64.ActiveCfg = Release|Any CPU
		{1E9C3B78-8F9D-471E-9F68-B24F10A41E25}.Release|x64.Build.0 = Release|Any CPU
		{1E9C3B78-8F9D-471E-9F68-B24F10A41E25}.Release|x86.ActiveCfg = Release|Any CPU
		{1E9C3B78-8F9D-471E-9F68-B24F10A41E25}.Release|x86.Build.0 = Release|Any CPU
		{2AC09DE0-4468-4E95-BCD2-6567F21B57F7}.Debug|Any CPU.ActiveCfg = Debug|Any CPU
		{2AC09DE0-4468-4E95-BCD2-6567F21B57F7}.Debug|Any CPU.Build.0 = Debug|Any CPU
		{2AC09DE0-4468-4E95-BCD2-6567F21B57F7}.Debug|x64.ActiveCfg = Debug|Any CPU
		{2AC09DE0-4468-4E95-BCD2-6567F21B57F7}.Debug|x64.Build.0 = Debug|Any CPU
		{2AC09DE0-4468-4E95-BCD2-6567F21B57F7}.Debug|x86.ActiveCfg = Debug|Any CPU
		{2AC09DE0-4468-4E95-BCD2-6567F21B57F7}.Debug|x86.Build.0 = Debug|Any CPU
		{2AC09DE0-4468-4E95-BCD2-6567F21B57F7}.Release|Any CPU.ActiveCfg = Release|Any CPU
		{2AC09DE0-4468-4E95-BCD2-6567F21B57F7}.Release|Any CPU.Build.0 = Release|Any CPU
		{2AC09DE0-4468-4E95-BCD2-6567F21B57F7}.Release|x64.ActiveCfg = Release|Any CPU
		{2AC09DE0-4468-4E95-BCD2-6567F21B57F7}.Release|x64.Build.0 = Release|Any CPU
		{2AC09DE0-4468-4E95-BCD2-6567F21B57F7}.Release|x86.ActiveCfg = Release|Any CPU
		{2AC09DE0-4468-4E95-BCD2-6567F21B57F7}.Release|x86.Build.0 = Release|Any CPU
		{B82C6BDC-7868-4485-B866-7A5F6BEE3933}.Debug|Any CPU.ActiveCfg = Debug|Any CPU
		{B82C6BDC-7868-4485-B866-7A5F6BEE3933}.Debug|Any CPU.Build.0 = Debug|Any CPU
		{B82C6BDC-7868-4485-B866-7A5F6BEE3933}.Debug|x64.ActiveCfg = Debug|Any CPU
		{B82C6BDC-7868-4485-B866-7A5F6BEE3933}.Debug|x64.Build.0 = Debug|Any CPU
		{B82C6BDC-7868-4485-B866-7A5F6BEE3933}.Debug|x86.ActiveCfg = Debug|Any CPU
		{B82C6BDC-7868-4485-B866-7A5F6BEE3933}.Debug|x86.Build.0 = Debug|Any CPU
		{B82C6BDC-7868-4485-B866-7A5F6BEE3933}.Release|Any CPU.ActiveCfg = Release|Any CPU
		{B82C6BDC-7868-4485-B866-7A5F6BEE3933}.Release|Any CPU.Build.0 = Release|Any CPU
		{B82C6BDC-7868-4485-B866-7A5F6BEE3933}.Release|x64.ActiveCfg = Release|Any CPU
		{B82C6BDC-7868-4485-B866-7A5F6BEE3933}.Release|x64.Build.0 = Release|Any CPU
		{B82C6BDC-7868-4485-B866-7A5F6BEE3933}.Release|x86.ActiveCfg = Release|Any CPU
		{B82C6BDC-7868-4485-B866-7A5F6BEE3933}.Release|x86.Build.0 = Release|Any CPU
		{61C87492-6FAC-417F-86BB-6BA85D40A8A1}.Debug|Any CPU.ActiveCfg = Debug|Any CPU
		{61C87492-6FAC-417F-86BB-6BA85D40A8A1}.Debug|Any CPU.Build.0 = Debug|Any CPU
		{61C87492-6FAC-417F-86BB-6BA85D40A8A1}.Debug|x64.ActiveCfg = Debug|Any CPU
		{61C87492-6FAC-417F-86BB-6BA85D40A8A1}.Debug|x64.Build.0 = Debug|Any CPU
		{61C87492-6FAC-417F-86BB-6BA85D40A8A1}.Debug|x86.ActiveCfg = Debug|Any CPU
		{61C87492-6FAC-417F-86BB-6BA85D40A8A1}.Debug|x86.Build.0 = Debug|Any CPU
		{61C87492-6FAC-417F-86BB-6BA85D40A8A1}.Release|Any CPU.ActiveCfg = Release|Any CPU
		{61C87492-6FAC-417F-86BB-6BA85D40A8A1}.Release|Any CPU.Build.0 = Release|Any CPU
		{61C87492-6FAC-417F-86BB-6BA85D40A8A1}.Release|x64.ActiveCfg = Release|Any CPU
		{61C87492-6FAC-417F-86BB-6BA85D40A8A1}.Release|x64.Build.0 = Release|Any CPU
		{61C87492-6FAC-417F-86BB-6BA85D40A8A1}.Release|x86.ActiveCfg = Release|Any CPU
		{61C87492-6FAC-417F-86BB-6BA85D40A8A1}.Release|x86.Build.0 = Release|Any CPU
		{978474FA-40E4-4FD5-96B5-AF009CEEE2A2}.Debug|Any CPU.ActiveCfg = Debug|Any CPU
		{978474FA-40E4-4FD5-96B5-AF009CEEE2A2}.Debug|Any CPU.Build.0 = Debug|Any CPU
		{978474FA-40E4-4FD5-96B5-AF009CEEE2A2}.Debug|x64.ActiveCfg = Debug|Any CPU
		{978474FA-40E4-4FD5-96B5-AF009CEEE2A2}.Debug|x64.Build.0 = Debug|Any CPU
		{978474FA-40E4-4FD5-96B5-AF009CEEE2A2}.Debug|x86.ActiveCfg = Debug|Any CPU
		{978474FA-40E4-4FD5-96B5-AF009CEEE2A2}.Debug|x86.Build.0 = Debug|Any CPU
		{978474FA-40E4-4FD5-96B5-AF009CEEE2A2}.Release|Any CPU.ActiveCfg = Release|Any CPU
		{978474FA-40E4-4FD5-96B5-AF009CEEE2A2}.Release|Any CPU.Build.0 = Release|Any CPU
		{978474FA-40E4-4FD5-96B5-AF009CEEE2A2}.Release|x64.ActiveCfg = Release|Any CPU
		{978474FA-40E4-4FD5-96B5-AF009CEEE2A2}.Release|x64.Build.0 = Release|Any CPU
		{978474FA-40E4-4FD5-96B5-AF009CEEE2A2}.Release|x86.ActiveCfg = Release|Any CPU
		{978474FA-40E4-4FD5-96B5-AF009CEEE2A2}.Release|x86.Build.0 = Release|Any CPU
	EndGlobalSection
	GlobalSection(SolutionProperties) = preSolution
		HideSolutionNode = FALSE
	EndGlobalSection
	GlobalSection(NestedProjects) = preSolution
		{70F78509-1D5E-482D-BB03-975ABDB98302} = {827E0CD3-B72D-47B6-A68D-7590B98EB39B}
		{03D3D802-B660-42E8-A07B-45FE13B445F6} = {827E0CD3-B72D-47B6-A68D-7590B98EB39B}
		{1E9C3B78-8F9D-471E-9F68-B24F10A41E25} = {827E0CD3-B72D-47B6-A68D-7590B98EB39B}
		{2AC09DE0-4468-4E95-BCD2-6567F21B57F7} = {827E0CD3-B72D-47B6-A68D-7590B98EB39B}
		{B82C6BDC-7868-4485-B866-7A5F6BEE3933} = {827E0CD3-B72D-47B6-A68D-7590B98EB39B}
		{61C87492-6FAC-417F-86BB-6BA85D40A8A1} = {0AB3BF05-4346-4AA6-1389-037BE0695223}
		{978474FA-40E4-4FD5-96B5-AF009CEEE2A2} = {0AB3BF05-4346-4AA6-1389-037BE0695223}
	EndGlobalSection
EndGlobal
